// !$*UTF8*$!
{
	archiveVersion = 1;
	classes = {
	};
	objectVersion = 50;
	objects = {

/* Begin PBXBuildFile section */
		4E77ADD4227041E500B09397 /* MainTabBarVC.swift in Sources */ = {isa = PBXBuildFile; fileRef = 4E77ADD3227041E500B09397 /* MainTabBarVC.swift */; };
		4E77ADD62270422D00B09397 /* UserProfileVC.swift in Sources */ = {isa = PBXBuildFile; fileRef = 4E77ADD52270422D00B09397 /* UserProfileVC.swift */; };
		4E77ADD82270459E00B09397 /* UserProfileHeaderCell.swift in Sources */ = {isa = PBXBuildFile; fileRef = 4E77ADD72270459E00B09397 /* UserProfileHeaderCell.swift */; };
		4EF6B72222702FA700504AE6 /* AppDelegate.swift in Sources */ = {isa = PBXBuildFile; fileRef = 4EF6B72122702FA700504AE6 /* AppDelegate.swift */; };
		4EF6B72422702FA700504AE6 /* ViewController.swift in Sources */ = {isa = PBXBuildFile; fileRef = 4EF6B72322702FA700504AE6 /* ViewController.swift */; };
		4EF6B72722702FA700504AE6 /* Main.storyboard in Resources */ = {isa = PBXBuildFile; fileRef = 4EF6B72522702FA700504AE6 /* Main.storyboard */; };
		4EF6B72922702FA900504AE6 /* Assets.xcassets in Resources */ = {isa = PBXBuildFile; fileRef = 4EF6B72822702FA900504AE6 /* Assets.xcassets */; };
		4EF6B72C22702FA900504AE6 /* LaunchScreen.storyboard in Resources */ = {isa = PBXBuildFile; fileRef = 4EF6B72A22702FA900504AE6 /* LaunchScreen.storyboard */; };
		4EF6B73422702FB600504AE6 /* ExtensionUivew.swift in Sources */ = {isa = PBXBuildFile; fileRef = 4EF6B73322702FB600504AE6 /* ExtensionUivew.swift */; };
/* End PBXBuildFile section */

/* Begin PBXFileReference section */
		4E77ADD3227041E500B09397 /* MainTabBarVC.swift */ = {isa = PBXFileReference; lastKnownFileType = sourcecode.swift; path = MainTabBarVC.swift; sourceTree = "<group>"; };
		4E77ADD52270422D00B09397 /* UserProfileVC.swift */ = {isa = PBXFileReference; lastKnownFileType = sourcecode.swift; path = UserProfileVC.swift; sourceTree = "<group>"; };
		4E77ADD72270459E00B09397 /* UserProfileHeaderCell.swift */ = {isa = PBXFileReference; lastKnownFileType = sourcecode.swift; path = UserProfileHeaderCell.swift; sourceTree = "<group>"; };
		4EF6B71E22702FA700504AE6 /* Insta App.app */ = {isa = PBXFileReference; explicitFileType = wrapper.application; includeInIndex = 0; path = "Insta App.app"; sourceTree = BUILT_PRODUCTS_DIR; };
		4EF6B72122702FA700504AE6 /* AppDelegate.swift */ = {isa = PBXFileReference; lastKnownFileType = sourcecode.swift; path = AppDelegate.swift; sourceTree = "<group>"; };
		4EF6B72322702FA700504AE6 /* ViewController.swift */ = {isa = PBXFileReference; lastKnownFileType = sourcecode.swift; path = ViewController.swift; sourceTree = "<group>"; };
		4EF6B72622702FA700504AE6 /* Base */ = {isa = PBXFileReference; lastKnownFileType = file.storyboard; name = Base; path = Base.lproj/Main.storyboard; sourceTree = "<group>"; };
		4EF6B72822702FA900504AE6 /* Assets.xcassets */ = {isa = PBXFileReference; lastKnownFileType = folder.assetcatalog; path = Assets.xcassets; sourceTree = "<group>"; };
		4EF6B72B22702FA900504AE6 /* Base */ = {isa = PBXFileReference; lastKnownFileType = file.storyboard; name = Base; path = Base.lproj/LaunchScreen.storyboard; sourceTree = "<group>"; };
		4EF6B72D22702FA900504AE6 /* Info.plist */ = {isa = PBXFileReference; lastKnownFileType = text.plist.xml; path = Info.plist; sourceTree = "<group>"; };
		4EF6B73322702FB600504AE6 /* ExtensionUivew.swift */ = {isa = PBXFileReference; fileEncoding = 4; lastKnownFileType = sourcecode.swift; path = ExtensionUivew.swift; sourceTree = "<group>"; };
/* End PBXFileReference section */

/* Begin PBXFrameworksBuildPhase section */
		4EF6B71B22702FA700504AE6 /* Frameworks */ = {
			isa = PBXFrameworksBuildPhase;
			buildActionMask = 2147483647;
			files = (
			);
			runOnlyForDeploymentPostprocessing = 0;
		};
/* End PBXFrameworksBuildPhase section */

/* Begin PBXGroup section */
		4EF6B71522702FA700504AE6 = {
			isa = PBXGroup;
			children = (
				4EF6B72022702FA700504AE6 /* Insta App */,
				4EF6B71F22702FA700504AE6 /* Products */,
			);
			sourceTree = "<group>";
		};
		4EF6B71F22702FA700504AE6 /* Products */ = {
			isa = PBXGroup;
			children = (
				4EF6B71E22702FA700504AE6 /* Insta App.app */,
			);
			name = Products;
			sourceTree = "<group>";
		};
		4EF6B72022702FA700504AE6 /* Insta App */ = {
			isa = PBXGroup;
			children = (
				4EF6B72122702FA700504AE6 /* AppDelegate.swift */,
				4EF6B73622702FC300504AE6 /* model */,
				4EF6B73722702FC900504AE6 /* view */,
				4EF6B73522702FBA00504AE6 /* controller */,
				4EF6B72522702FA700504AE6 /* Main.storyboard */,
				4EF6B72822702FA900504AE6 /* Assets.xcassets */,
				4EF6B72A22702FA900504AE6 /* LaunchScreen.storyboard */,
				4EF6B72D22702FA900504AE6 /* Info.plist */,
				4EF6B73322702FB600504AE6 /* ExtensionUivew.swift */,
			);
			path = "Insta App";
			sourceTree = "<group>";
		};
		4EF6B73522702FBA00504AE6 /* controller */ = {
			isa = PBXGroup;
			children = (
				4E77ADD3227041E500B09397 /* MainTabBarVC.swift */,
				4EF6B72322702FA700504AE6 /* ViewController.swift */,
				4E77ADD52270422D00B09397 /* UserProfileVC.swift */,
			);
			path = controller;
			sourceTree = "<group>";
		};
		4EF6B73622702FC300504AE6 /* model */ = {
			isa = PBXGroup;
			children = (
			);
			path = model;
			sourceTree = "<group>";
		};
		4EF6B73722702FC900504AE6 /* view */ = {
			isa = PBXGroup;
			children = (
				4E77ADD72270459E00B09397 /* UserProfileHeaderCell.swift */,
			);
			path = view;
			sourceTree = "<group>";
		};
/* End PBXGroup section */

/* Begin PBXNativeTarget section */
		4EF6B71D22702FA700504AE6 /* Insta App */ = {
			isa = PBXNativeTarget;
			buildConfigurationList = 4EF6B73022702FA900504AE6 /* Build configuration list for PBXNativeTarget "Insta App" */;
			buildPhases = (
				4EF6B71A22702FA700504AE6 /* Sources */,
				4EF6B71B22702FA700504AE6 /* Frameworks */,
				4EF6B71C22702FA700504AE6 /* Resources */,
			);
			buildRules = (
			);
			dependencies = (
			);
			name = "Insta App";
			productName = "Insta App";
			productReference = 4EF6B71E22702FA700504AE6 /* Insta App.app */;
			productType = "com.apple.product-type.application";
		};
/* End PBXNativeTarget section */

/* Begin PBXProject section */
		4EF6B71622702FA700504AE6 /* Project object */ = {
			isa = PBXProject;
			attributes = {
				LastSwiftUpdateCheck = 1000;
				LastUpgradeCheck = 1000;
				ORGANIZATIONNAME = hosam;
				TargetAttributes = {
					4EF6B71D22702FA700504AE6 = {
						CreatedOnToolsVersion = 10.0;
					};
				};
			};
			buildConfigurationList = 4EF6B71922702FA700504AE6 /* Build configuration list for PBXProject "Insta App" */;
			compatibilityVersion = "Xcode 9.3";
			developmentRegion = en;
			hasScannedForEncodings = 0;
			knownRegions = (
				en,
				Base,
			);
			mainGroup = 4EF6B71522702FA700504AE6;
			productRefGroup = 4EF6B71F22702FA700504AE6 /* Products */;
			projectDirPath = "";
			projectRoot = "";
			targets = (
				4EF6B71D22702FA700504AE6 /* Insta App */,
			);
		};
/* End PBXProject section */

/* Begin PBXResourcesBuildPhase section */
		4EF6B71C22702FA700504AE6 /* Resources */ = {
			isa = PBXResourcesBuildPhase;
			buildActionMask = 2147483647;
			files = (
				4EF6B72C22702FA900504AE6 /* LaunchScreen.storyboard in Resources */,
				4EF6B72922702FA900504AE6 /* Assets.xcassets in Resources */,
				4EF6B72722702FA700504AE6 /* Main.storyboard in Resources */,
			);
			runOnlyForDeploymentPostprocessing = 0;
		};
/* End PBXResourcesBuildPhase section */

/* Begin PBXSourcesBuildPhase section */
		4EF6B71A22702FA700504AE6 /* Sources */ = {
			isa = PBXSourcesBuildPhase;
			buildActionMask = 2147483647;
			files = (
				4EF6B72422702FA700504AE6 /* ViewController.swift in Sources */,
				4E77ADD82270459E00B09397 /* UserProfileHeaderCell.swift in Sources */,
				4EF6B72222702FA700504AE6 /* AppDelegate.swift in Sources */,
				4EF6B73422702FB600504AE6 /* ExtensionUivew.swift in Sources */,
				4E77ADD62270422D00B09397 /* UserProfileVC.swift in Sources */,
				4E77ADD4227041E500B09397 /* MainTabBarVC.swift in Sources */,
			);
			runOnlyForDeploymentPostprocessing = 0;
		};
/* End PBXSourcesBuildPhase section */

/* Begin PBXVariantGroup section */
		4EF6B72522702FA700504AE6 /* Main.storyboard */ = {
			isa = PBXVariantGroup;
			children = (
				4EF6B72622702FA700504AE6 /* Base */,
			);
			name = Main.storyboard;
			sourceTree = "<group>";
		};
		4EF6B72A22702FA900504AE6 /* LaunchScreen.storyboard */ = {
			isa = PBXVariantGroup;
			children = (
				4EF6B72B22702FA900504AE6 /* Base */,
			);
			name = LaunchScreen.storyboard;
			sourceTree = "<group>";
		};
/* End PBXVariantGroup section */

/* Begin XCBuildConfiguration section */
		4EF6B72E22702FA900504AE6 /* Debug */ = {
			isa = XCBuildConfiguration;
			buildSettings = {
				ALWAYS_SEARCH_USER_PATHS = NO;
				CLANG_ANALYZER_NONNULL = YES;
				CLANG_ANALYZER_NUMBER_OBJECT_CONVERSION = YES_AGGRESSIVE;
				CLANG_CXX_LANGUAGE_STANDARD = "gnu++14";
				CLANG_CXX_LIBRARY = "libc++";
				CLANG_ENABLE_MODULES = YES;
				CLANG_ENABLE_OBJC_ARC = YES;
				CLANG_ENABLE_OBJC_WEAK = YES;
				CLANG_WARN_BLOCK_CAPTURE_AUTORELEASING = YES;
				CLANG_WARN_BOOL_CONVERSION = YES;
				CLANG_WARN_COMMA = YES;
				CLANG_WARN_CONSTANT_CONVERSION = YES;
				CLANG_WARN_DEPRECATED_OBJC_IMPLEMENTATIONS = YES;
				CLANG_WARN_DIRECT_OBJC_ISA_USAGE = YES_ERROR;
				CLANG_WARN_DOCUMENTATION_COMMENTS = YES;
				CLANG_WARN_EMPTY_BODY = YES;
				CLANG_WARN_ENUM_CONVERSION = YES;
				CLANG_WARN_INFINITE_RECURSION = YES;
				CLANG_WARN_INT_CONVERSION = YES;
				CLANG_WARN_NON_LITERAL_NULL_CONVERSION = YES;
				CLANG_WARN_OBJC_IMPLICIT_RETAIN_SELF = YES;
				CLANG_WARN_OBJC_LITERAL_CONVERSION = YES;
				CLANG_WARN_OBJC_ROOT_CLASS = YES_ERROR;
				CLANG_WARN_RANGE_LOOP_ANALYSIS = YES;
				CLANG_WARN_STRICT_PROTOTYPES = YES;
				CLANG_WARN_SUSPICIOUS_MOVE = YES;
				CLANG_WARN_UNGUARDED_AVAILABILITY = YES_AGGRESSIVE;
				CLANG_WARN_UNREACHABLE_CODE = YES;
				CLANG_WARN__DUPLICATE_METHOD_MATCH = YES;
				CODE_SIGN_IDENTITY = "iPhone Developer";
				COPY_PHASE_STRIP = NO;
				DEBUG_INFORMATION_FORMAT = dwarf;
				ENABLE_STRICT_OBJC_MSGSEND = YES;
				ENABLE_TESTABILITY = YES;
				GCC_C_LANGUAGE_STANDARD = gnu11;
				GCC_DYNAMIC_NO_PIC = NO;
				GCC_NO_COMMON_BLOCKS = YES;
				GCC_OPTIMIZATION_LEVEL = 0;
				GCC_PREPROCESSOR_DEFINITIONS = (
					"DEBUG=1",
					"$(inherited)",
				);
				GCC_WARN_64_TO_32_BIT_CONVERSION = YES;
				GCC_WARN_ABOUT_RETURN_TYPE = YES_ERROR;
				GCC_WARN_UNDECLARED_SELECTOR = YES;
				GCC_WARN_UNINITIALIZED_AUTOS = YES_AGGRESSIVE;
				GCC_WARN_UNUSED_FUNCTION = YES;
				GCC_WARN_UNUSED_VARIABLE = YES;
				IPHONEOS_DEPLOYMENT_TARGET = 12.0;
				MTL_ENABLE_DEBUG_INFO = INCLUDE_SOURCE;
				MTL_FAST_MATH = YES;
				ONLY_ACTIVE_ARCH = YES;
				SDKROOT = iphoneos;
				SWIFT_ACTIVE_COMPILATION_CONDITIONS = DEBUG;
				SWIFT_OPTIMIZATION_LEVEL = "-Onone";
			};
			name = Debug;
		};
		4EF6B72F22702FA900504AE6 /* Release */ = {
			isa = XCBuildConfiguration;
			buildSettings = {
				ALWAYS_SEARCH_USER_PATHS = NO;
				CLANG_ANALYZER_NONNULL = YES;
				CLANG_ANALYZER_NUMBER_OBJECT_CONVERSION = YES_AGGRESSIVE;
				CLANG_CXX_LANGUAGE_STANDARD = "gnu++14";
				CLANG_CXX_LIBRARY = "libc++";
				CLANG_ENABLE_MODULES = YES;
				CLANG_ENABLE_OBJC_ARC = YES;
				CLANG_ENABLE_OBJC_WEAK = YES;
				CLANG_WARN_BLOCK_CAPTURE_AUTORELEASING = YES;
				CLANG_WARN_BOOL_CONVERSION = YES;
				CLANG_WARN_COMMA = YES;
				CLANG_WARN_CONSTANT_CONVERSION = YES;
				CLANG_WARN_DEPRECATED_OBJC_IMPLEMENTATIONS = YES;
				CLANG_WARN_DIRECT_OBJC_ISA_USAGE = YES_ERROR;
				CLANG_WARN_DOCUMENTATION_COMMENTS = YES;
				CLANG_WARN_EMPTY_BODY = YES;
				CLANG_WARN_ENUM_CONVERSION = YES;
				CLANG_WARN_INFINITE_RECURSION = YES;
				CLANG_WARN_INT_CONVERSION = YES;
				CLANG_WARN_NON_LITERAL_NULL_CONVERSION = YES;
				CLANG_WARN_OBJC_IMPLICIT_RETAIN_SELF = YES;
				CLANG_WARN_OBJC_LITERAL_CONVERSION = YES;
				CLANG_WARN_OBJC_ROOT_CLASS = YES_ERROR;
				CLANG_WARN_RANGE_LOOP_ANALYSIS = YES;
				CLANG_WARN_STRICT_PROTOTYPES = YES;
				CLANG_WARN_SUSPICIOUS_MOVE = YES;
				CLANG_WARN_UNGUARDED_AVAILABILITY = YES_AGGRESSIVE;
				CLANG_WARN_UNREACHABLE_CODE = YES;
				CLANG_WARN__DUPLICATE_METHOD_MATCH = YES;
				CODE_SIGN_IDENTITY = "iPhone Developer";
				COPY_PHASE_STRIP = NO;
				DEBUG_INFORMATION_FORMAT = "dwarf-with-dsym";
				ENABLE_NS_ASSERTIONS = NO;
				ENABLE_STRICT_OBJC_MSGSEND = YES;
				GCC_C_LANGUAGE_STANDARD = gnu11;
				GCC_NO_COMMON_BLOCKS = YES;
				GCC_WARN_64_TO_32_BIT_CONVERSION = YES;
				GCC_WARN_ABOUT_RETURN_TYPE = YES_ERROR;
				GCC_WARN_UNDECLARED_SELECTOR = YES;
				GCC_WARN_UNINITIALIZED_AUTOS = YES_AGGRESSIVE;
				GCC_WARN_UNUSED_FUNCTION = YES;
				GCC_WARN_UNUSED_VARIABLE = YES;
				IPHONEOS_DEPLOYMENT_TARGET = 12.0;
				MTL_ENABLE_DEBUG_INFO = NO;
				MTL_FAST_MATH = YES;
				SDKROOT = iphoneos;
				SWIFT_COMPILATION_MODE = wholemodule;
				SWIFT_OPTIMIZATION_LEVEL = "-O";
				VALIDATE_PRODUCT = YES;
			};
			name = Release;
		};
		4EF6B73122702FA900504AE6 /* Debug */ = {
			isa = XCBuildConfiguration;
			buildSettings = {
				ASSETCATALOG_COMPILER_APPICON_NAME = AppIcon;
				CODE_SIGN_STYLE = Automatic;
				DEVELOPMENT_TEAM = 3QXQPJ9C62;
				INFOPLIST_FILE = "Insta App/Info.plist";
				LD_RUNPATH_SEARCH_PATHS = (
					"$(inherited)",
					"@executable_path/Frameworks",
				);
				PRODUCT_BUNDLE_IDENTIFIER = "com.hosam.net.Insta-App";
				PRODUCT_NAME = "$(TARGET_NAME)";
				SWIFT_VERSION = 4.2;
				TARGETED_DEVICE_FAMILY = "1,2";
			};
			name = Debug;
		};
		4EF6B73222702FA900504AE6 /* Release */ = {
			isa = XCBuildConfiguration;
			buildSettings = {
				ASSETCATALOG_COMPILER_APPICON_NAME = AppIcon;
				CODE_SIGN_STYLE = Automatic;
				DEVELOPMENT_TEAM = 3QXQPJ9C62;
				INFOPLIST_FILE = "Insta App/Info.plist";
				LD_RUNPATH_SEARCH_PATHS = (
					"$(inherited)",
					"@executable_path/Frameworks",
				);
				PRODUCT_BUNDLE_IDENTIFIER = "com.hosam.net.Insta-App";
				PRODUCT_NAME = "$(TARGET_NAME)";
				SWIFT_VERSION = 4.2;
				TARGETED_DEVICE_FAMILY = "1,2";
			};
			name = Release;
		};
/* End XCBuildConfiguration section */

/* Begin XCConfigurationList section */
		4EF6B71922702FA700504AE6 /* Build configuration list for PBXProject "Insta App" */ = {
			isa = XCConfigurationList;
			buildConfigurations = (
				4EF6B72E22702FA900504AE6 /* Debug */,
				4EF6B72F22702FA900504AE6 /* Release */,
			);
			defaultConfigurationIsVisible = 0;
			defaultConfigurationName = Release;
		};
		4EF6B73022702FA900504AE6 /* Build configuration list for PBXNativeTarget "Insta App" */ = {
			isa = XCConfigurationList;
			buildConfigurations = (
				4EF6B73122702FA900504AE6 /* Debug */,
				4EF6B73222702FA900504AE6 /* Release */,
			);
			defaultConfigurationIsVisible = 0;
			defaultConfigurationName = Release;
		};
/* End XCConfigurationList section */
	};
	rootObject = 4EF6B71622702FA700504AE6 /* Project object */;
}
